
Microsoft Visual Studio Solution File, Format Version 12.00
# Visual Studio Version 17
VisualStudioVersion = 17.5.33424.131
MinimumVisualStudioVersion = 10.0.40219.1
Project("{9A19103F-16F7-4668-BE54-9A1E7A4F7556}") = "SaxonHE12NetXslt", "SaxonHE12NetXslt\SaxonHE12NetXslt.csproj", "{D5C8DAE7-9848-4797-B419-0E0C4223F4F8}"
EndProject
Project("{2150E333-8FDC-42A3-9474-1A3956D46DE8}") = "Projektmappenelemente", "Projektmappenelemente", "{425B68DB-DADA-4EF1-B280-0004329E9E97}"
	ProjectSection(SolutionItems) = preProject
		README.md = README.md
	EndProjectSection
EndProject
Project("{9A19103F-16F7-4668-BE54-9A1E7A4F7556}") = "SaxonHE12NetXQuery", "SaxonHE12NetXQuery\SaxonHE12NetXQuery.csproj", "{585EC705-280E-4839-9680-32DC1CA51786}"
EndProject
Project("{FAE04EC0-301F-11D3-BF4B-00C04F79EFBC}") = "CoffeeSacksHelperLib", "CoffeeSacksHelperLib\CoffeeSacksHelperLib.csproj", "{55D22778-DBB4-4758-A518-B67EBBB5409F}"
EndProject
Project("{FAE04EC0-301F-11D3-BF4B-00C04F79EFBC}") = "SaxonHE12NetIXQuery", "SaxonHE12NetIXQuery\SaxonHE12NetIXQuery.csproj", "{F1001D40-4688-40F7-8AAE-9F0860BAFA8B}"
EndProject
Global
	GlobalSection(SolutionConfigurationPlatforms) = preSolution
		Debug|Any CPU = Debug|Any CPU
		Release|Any CPU = Release|Any CPU
	EndGlobalSection
	GlobalSection(ProjectConfigurationPlatforms) = postSolution
		{D5C8DAE7-9848-4797-B419-0E0C4223F4F8}.Debug|Any CPU.ActiveCfg = Debug|Any CPU
		{D5C8DAE7-9848-4797-B419-0E0C4223F4F8}.Debug|Any CPU.Build.0 = Debug|Any CPU
		{D5C8DAE7-9848-4797-B419-0E0C4223F4F8}.Release|Any CPU.ActiveCfg = Release|Any CPU
		{D5C8DAE7-9848-4797-B419-0E0C4223F4F8}.Release|Any CPU.Build.0 = Release|Any CPU
		{585EC705-280E-4839-9680-32DC1CA51786}.Debug|Any CPU.ActiveCfg = Debug|Any CPU
		{585EC705-280E-4839-9680-32DC1CA51786}.Debug|Any CPU.Build.0 = Debug|Any CPU
		{585EC705-280E-4839-9680-32DC1CA51786}.Release|Any CPU.ActiveCfg = Release|Any CPU
		{585EC705-280E-4839-9680-32DC1CA51786}.Release|Any CPU.Build.0 = Release|Any CPU
		{55D22778-DBB4-4758-A518-B67EBBB5409F}.Debug|Any CPU.ActiveCfg = Debug|Any CPU
		{55D22778-DBB4-4758-A518-B67EBBB5409F}.Debug|Any CPU.Build.0 = Debug|Any CPU
		{55D22778-DBB4-4758-A518-B67EBBB5409F}.Release|Any CPU.ActiveCfg = Release|Any CPU
		{55D22778-DBB4-4758-A518-B67EBBB5409F}.Release|Any CPU.Build.0 = Release|Any CPU
		{F1001D40-4688-40F7-8AAE-9F0860BAFA8B}.Debug|Any CPU.ActiveCfg = Debug|Any CPU
		{F1001D40-4688-40F7-8AAE-9F0860BAFA8B}.Debug|Any CPU.Build.0 = Debug|Any CPU
		{F1001D40-4688-40F7-8AAE-9F0860BAFA8B}.Release|Any CPU.ActiveCfg = Release|Any CPU
		{F1001D40-4688-40F7-8AAE-9F0860BAFA8B}.Release|Any CPU.Build.0 = Release|Any CPU
	EndGlobalSection
	GlobalSection(SolutionProperties) = preSolution
		HideSolutionNode = FALSE
	EndGlobalSection
	GlobalSection(ExtensibilityGlobals) = postSolution
		SolutionGuid = {6BD92433-3AE8-4F2E-B5EF-EBB3C7259DAA}
	EndGlobalSection
EndGlobal
